// !$*UTF8*$!
{
	archiveVersion = 1;
	classes = {
	};
	objectVersion = 56;
	objects = {

/* Begin PBXBuildFile section */
		CE350DA52ADF662A00B8630D /* SearchBar.swift in Sources */ = {isa = PBXBuildFile; fileRef = CE350DA42ADF662A00B8630D /* SearchBar.swift */; };
		CE36ECB62ABA6C2C00160C98 /* AppPrecoFacilApp.swift in Sources */ = {isa = PBXBuildFile; fileRef = CE36ECB52ABA6C2C00160C98 /* AppPrecoFacilApp.swift */; };
		CE36ECB82ABA6C2C00160C98 /* ContentView.swift in Sources */ = {isa = PBXBuildFile; fileRef = CE36ECB72ABA6C2C00160C98 /* ContentView.swift */; };
		CE36ECBA2ABA6C2D00160C98 /* Assets.xcassets in Resources */ = {isa = PBXBuildFile; fileRef = CE36ECB92ABA6C2D00160C98 /* Assets.xcassets */; };
		CE36ECBD2ABA6C2D00160C98 /* Preview Assets.xcassets in Resources */ = {isa = PBXBuildFile; fileRef = CE36ECBC2ABA6C2D00160C98 /* Preview Assets.xcassets */; };
		CE38E3C32AC8B01400CB1C70 /* TelaCadastro.swift in Sources */ = {isa = PBXBuildFile; fileRef = CE38E3C22AC8B01400CB1C70 /* TelaCadastro.swift */; };
		CE38E3C52AC8B0E700CB1C70 /* InteracaoEntreTelas.swift in Sources */ = {isa = PBXBuildFile; fileRef = CE38E3C42AC8B0E700CB1C70 /* InteracaoEntreTelas.swift */; };
		CE582FC62AD23982007D4485 /* TelaMercadosParceiros.swift in Sources */ = {isa = PBXBuildFile; fileRef = CE582FC52AD23982007D4485 /* TelaMercadosParceiros.swift */; };
		CE582FC82AD239A1007D4485 /* TelaConfiguracoes.swift in Sources */ = {isa = PBXBuildFile; fileRef = CE582FC72AD239A1007D4485 /* TelaConfiguracoes.swift */; };
		CE582FCA2AD239B2007D4485 /* TelaSair.swift in Sources */ = {isa = PBXBuildFile; fileRef = CE582FC92AD239B2007D4485 /* TelaSair.swift */; };
		CE7BB52B2ADF459C00DC9DFF /* TabBar.swift in Sources */ = {isa = PBXBuildFile; fileRef = CE7BB52A2ADF459C00DC9DFF /* TabBar.swift */; };
		CE9F172F2AE4B28400D6894E /* SobreNos.swift in Sources */ = {isa = PBXBuildFile; fileRef = CE9F172E2AE4B28400D6894E /* SobreNos.swift */; };
		CE9F17312AE4B31300D6894E /* TermosUso.swift in Sources */ = {isa = PBXBuildFile; fileRef = CE9F17302AE4B31300D6894E /* TermosUso.swift */; };
		CE9F17332AE4B34100D6894E /* ApagarConta.swift in Sources */ = {isa = PBXBuildFile; fileRef = CE9F17322AE4B34100D6894E /* ApagarConta.swift */; };
		CE9F17362AE4C1A600D6894E /* ProductCard.swift in Sources */ = {isa = PBXBuildFile; fileRef = CE9F17352AE4C1A600D6894E /* ProductCard.swift */; };
		CEE25BB52AE893C000A9E924 /* TesteView.swift in Sources */ = {isa = PBXBuildFile; fileRef = CEE25BB42AE893C000A9E924 /* TesteView.swift */; };
		CEF510932AD216BC000C6010 /* TelaHome.swift in Sources */ = {isa = PBXBuildFile; fileRef = CEF510922AD216BC000C6010 /* TelaHome.swift */; };
		CEF510952AD21FE7000C6010 /* TelaPerfil.swift in Sources */ = {isa = PBXBuildFile; fileRef = CEF510942AD21FE7000C6010 /* TelaPerfil.swift */; };
		CEF510972AD2238A000C6010 /* TelaPesquisa.swift in Sources */ = {isa = PBXBuildFile; fileRef = CEF510962AD2238A000C6010 /* TelaPesquisa.swift */; };
		CEF510992AD2244A000C6010 /* MyList.swift in Sources */ = {isa = PBXBuildFile; fileRef = CEF510982AD2244A000C6010 /* MyList.swift */; };
/* End PBXBuildFile section */

/* Begin PBXFileReference section */
		CE350DA42ADF662A00B8630D /* SearchBar.swift */ = {isa = PBXFileReference; lastKnownFileType = sourcecode.swift; path = SearchBar.swift; sourceTree = "<group>"; };
		CE36ECB22ABA6C2C00160C98 /* AppPrecoFacil.app */ = {isa = PBXFileReference; explicitFileType = wrapper.application; includeInIndex = 0; path = AppPrecoFacil.app; sourceTree = BUILT_PRODUCTS_DIR; };
		CE36ECB52ABA6C2C00160C98 /* AppPrecoFacilApp.swift */ = {isa = PBXFileReference; lastKnownFileType = sourcecode.swift; path = AppPrecoFacilApp.swift; sourceTree = "<group>"; };
		CE36ECB72ABA6C2C00160C98 /* ContentView.swift */ = {isa = PBXFileReference; lastKnownFileType = sourcecode.swift; path = ContentView.swift; sourceTree = "<group>"; };
		CE36ECB92ABA6C2D00160C98 /* Assets.xcassets */ = {isa = PBXFileReference; lastKnownFileType = folder.assetcatalog; path = Assets.xcassets; sourceTree = "<group>"; };
		CE36ECBC2ABA6C2D00160C98 /* Preview Assets.xcassets */ = {isa = PBXFileReference; lastKnownFileType = folder.assetcatalog; path = "Preview Assets.xcassets"; sourceTree = "<group>"; };
		CE38E3C22AC8B01400CB1C70 /* TelaCadastro.swift */ = {isa = PBXFileReference; lastKnownFileType = sourcecode.swift; path = TelaCadastro.swift; sourceTree = "<group>"; };
		CE38E3C42AC8B0E700CB1C70 /* InteracaoEntreTelas.swift */ = {isa = PBXFileReference; lastKnownFileType = sourcecode.swift; path = InteracaoEntreTelas.swift; sourceTree = "<group>"; };
		CE582FC52AD23982007D4485 /* TelaMercadosParceiros.swift */ = {isa = PBXFileReference; lastKnownFileType = sourcecode.swift; path = TelaMercadosParceiros.swift; sourceTree = "<group>"; };
		CE582FC72AD239A1007D4485 /* TelaConfiguracoes.swift */ = {isa = PBXFileReference; lastKnownFileType = sourcecode.swift; path = TelaConfiguracoes.swift; sourceTree = "<group>"; };
		CE582FC92AD239B2007D4485 /* TelaSair.swift */ = {isa = PBXFileReference; lastKnownFileType = sourcecode.swift; path = TelaSair.swift; sourceTree = "<group>"; };
		CE7BB52A2ADF459C00DC9DFF /* TabBar.swift */ = {isa = PBXFileReference; lastKnownFileType = sourcecode.swift; path = TabBar.swift; sourceTree = "<group>"; };
		CE9F172E2AE4B28400D6894E /* SobreNos.swift */ = {isa = PBXFileReference; lastKnownFileType = sourcecode.swift; path = SobreNos.swift; sourceTree = "<group>"; };
		CE9F17302AE4B31300D6894E /* TermosUso.swift */ = {isa = PBXFileReference; lastKnownFileType = sourcecode.swift; path = TermosUso.swift; sourceTree = "<group>"; };
		CE9F17322AE4B34100D6894E /* ApagarConta.swift */ = {isa = PBXFileReference; lastKnownFileType = sourcecode.swift; path = ApagarConta.swift; sourceTree = "<group>"; };
		CE9F17352AE4C1A600D6894E /* ProductCard.swift */ = {isa = PBXFileReference; lastKnownFileType = sourcecode.swift; path = ProductCard.swift; sourceTree = "<group>"; };
		CEE25BB42AE893C000A9E924 /* TesteView.swift */ = {isa = PBXFileReference; lastKnownFileType = sourcecode.swift; path = TesteView.swift; sourceTree = "<group>"; };
		CEF510922AD216BC000C6010 /* TelaHome.swift */ = {isa = PBXFileReference; lastKnownFileType = sourcecode.swift; path = TelaHome.swift; sourceTree = "<group>"; };
		CEF510942AD21FE7000C6010 /* TelaPerfil.swift */ = {isa = PBXFileReference; lastKnownFileType = sourcecode.swift; path = TelaPerfil.swift; sourceTree = "<group>"; };
		CEF510962AD2238A000C6010 /* TelaPesquisa.swift */ = {isa = PBXFileReference; lastKnownFileType = sourcecode.swift; path = TelaPesquisa.swift; sourceTree = "<group>"; };
		CEF510982AD2244A000C6010 /* MyList.swift */ = {isa = PBXFileReference; lastKnownFileType = sourcecode.swift; path = MyList.swift; sourceTree = "<group>"; };
/* End PBXFileReference section */

/* Begin PBXFrameworksBuildPhase section */
		CE36ECAF2ABA6C2C00160C98 /* Frameworks */ = {
			isa = PBXFrameworksBuildPhase;
			buildActionMask = 2147483647;
			files = (
			);
			runOnlyForDeploymentPostprocessing = 0;
		};
/* End PBXFrameworksBuildPhase section */

/* Begin PBXGroup section */
		CE36ECA92ABA6C2C00160C98 = {
			isa = PBXGroup;
			children = (
				CE36ECB42ABA6C2C00160C98 /* AppPrecoFacil */,
				CE36ECB32ABA6C2C00160C98 /* Products */,
			);
			sourceTree = "<group>";
		};
		CE36ECB32ABA6C2C00160C98 /* Products */ = {
			isa = PBXGroup;
			children = (
				CE36ECB22ABA6C2C00160C98 /* AppPrecoFacil.app */,
			);
			name = Products;
			sourceTree = "<group>";
		};
		CE36ECB42ABA6C2C00160C98 /* AppPrecoFacil */ = {
			isa = PBXGroup;
			children = (
				CE36ECB52ABA6C2C00160C98 /* AppPrecoFacilApp.swift */,
				CEF5108A2AD2102B000C6010 /* TelasPrincipais */,
				CE36ECBB2ABA6C2D00160C98 /* Preview Content */,
			);
			path = AppPrecoFacil;
			sourceTree = "<group>";
		};
		CE36ECBB2ABA6C2D00160C98 /* Preview Content */ = {
			isa = PBXGroup;
			children = (
				CE36ECBC2ABA6C2D00160C98 /* Preview Assets.xcassets */,
			);
			path = "Preview Content";
			sourceTree = "<group>";
		};
		CE9F172D2AE4B23000D6894E /* OutrasTelas */ = {
			isa = PBXGroup;
			children = (
				CE9F172E2AE4B28400D6894E /* SobreNos.swift */,
				CE9F17302AE4B31300D6894E /* TermosUso.swift */,
				CE9F17322AE4B34100D6894E /* ApagarConta.swift */,
			);
			path = OutrasTelas;
			sourceTree = "<group>";
		};
		CE9F17342AE4C17900D6894E /* Lista */ = {
			isa = PBXGroup;
			children = (
				CE9F17352AE4C1A600D6894E /* ProductCard.swift */,
			);
			path = Lista;
			sourceTree = "<group>";
		};
		CEF5108A2AD2102B000C6010 /* TelasPrincipais */ = {
			isa = PBXGroup;
			children = (
				CE38E3C42AC8B0E700CB1C70 /* InteracaoEntreTelas.swift */,
				CE36ECB72ABA6C2C00160C98 /* ContentView.swift */,
				CE38E3C22AC8B01400CB1C70 /* TelaCadastro.swift */,
				CEF510922AD216BC000C6010 /* TelaHome.swift */,
				CE7BB52A2ADF459C00DC9DFF /* TabBar.swift */,
				CEE25BB42AE893C000A9E924 /* TesteView.swift */,
				CEF510942AD21FE7000C6010 /* TelaPerfil.swift */,
				CEF510962AD2238A000C6010 /* TelaPesquisa.swift */,
				CE350DA42ADF662A00B8630D /* SearchBar.swift */,
				CEF510982AD2244A000C6010 /* MyList.swift */,
				CE9F17342AE4C17900D6894E /* Lista */,
				CE582FC52AD23982007D4485 /* TelaMercadosParceiros.swift */,
				CE582FC72AD239A1007D4485 /* TelaConfiguracoes.swift */,
				CE9F172D2AE4B23000D6894E /* OutrasTelas */,
				CE582FC92AD239B2007D4485 /* TelaSair.swift */,
				CE36ECB92ABA6C2D00160C98 /* Assets.xcassets */,
			);
			path = TelasPrincipais;
			sourceTree = "<group>";
		};
/* End PBXGroup section */

/* Begin PBXNativeTarget section */
		CE36ECB12ABA6C2C00160C98 /* AppPrecoFacil */ = {
			isa = PBXNativeTarget;
			buildConfigurationList = CE36ECC02ABA6C2D00160C98 /* Build configuration list for PBXNativeTarget "AppPrecoFacil" */;
			buildPhases = (
				CE36ECAE2ABA6C2C00160C98 /* Sources */,
				CE36ECAF2ABA6C2C00160C98 /* Frameworks */,
				CE36ECB02ABA6C2C00160C98 /* Resources */,
			);
			buildRules = (
			);
			dependencies = (
			);
			name = AppPrecoFacil;
			productName = AppPrecoFacil;
			productReference = CE36ECB22ABA6C2C00160C98 /* AppPrecoFacil.app */;
			productType = "com.apple.product-type.application";
		};
/* End PBXNativeTarget section */

/* Begin PBXProject section */
		CE36ECAA2ABA6C2C00160C98 /* Project object */ = {
			isa = PBXProject;
			attributes = {
				BuildIndependentTargetsInParallel = 1;
				LastSwiftUpdateCheck = 1430;
				LastUpgradeCheck = 1430;
				TargetAttributes = {
					CE36ECB12ABA6C2C00160C98 = {
						CreatedOnToolsVersion = 14.3;
					};
				};
			};
			buildConfigurationList = CE36ECAD2ABA6C2C00160C98 /* Build configuration list for PBXProject "AppPrecoFacil" */;
			compatibilityVersion = "Xcode 14.0";
			developmentRegion = en;
			hasScannedForEncodings = 0;
			knownRegions = (
				en,
				Base,
			);
			mainGroup = CE36ECA92ABA6C2C00160C98;
			productRefGroup = CE36ECB32ABA6C2C00160C98 /* Products */;
			projectDirPath = "";
			projectRoot = "";
			targets = (
				CE36ECB12ABA6C2C00160C98 /* AppPrecoFacil */,
			);
		};
/* End PBXProject section */

/* Begin PBXResourcesBuildPhase section */
		CE36ECB02ABA6C2C00160C98 /* Resources */ = {
			isa = PBXResourcesBuildPhase;
			buildActionMask = 2147483647;
			files = (
				CE36ECBD2ABA6C2D00160C98 /* Preview Assets.xcassets in Resources */,
				CE36ECBA2ABA6C2D00160C98 /* Assets.xcassets in Resources */,
			);
			runOnlyForDeploymentPostprocessing = 0;
		};
/* End PBXResourcesBuildPhase section */

/* Begin PBXSourcesBuildPhase section */
		CE36ECAE2ABA6C2C00160C98 /* Sources */ = {
			isa = PBXSourcesBuildPhase;
			buildActionMask = 2147483647;
			files = (
				CE36ECB82ABA6C2C00160C98 /* ContentView.swift in Sources */,
				CEF510992AD2244A000C6010 /* MyList.swift in Sources */,
				CE9F17362AE4C1A600D6894E /* ProductCard.swift in Sources */,
				CE9F172F2AE4B28400D6894E /* SobreNos.swift in Sources */,
				CEF510972AD2238A000C6010 /* TelaPesquisa.swift in Sources */,
				CE36ECB62ABA6C2C00160C98 /* AppPrecoFacilApp.swift in Sources */,
				CE350DA52ADF662A00B8630D /* SearchBar.swift in Sources */,
				CE9F17312AE4B31300D6894E /* TermosUso.swift in Sources */,
				CEE25BB52AE893C000A9E924 /* TesteView.swift in Sources */,
				CE582FC82AD239A1007D4485 /* TelaConfiguracoes.swift in Sources */,
				CE582FC62AD23982007D4485 /* TelaMercadosParceiros.swift in Sources */,
				CE38E3C32AC8B01400CB1C70 /* TelaCadastro.swift in Sources */,
				CE7BB52B2ADF459C00DC9DFF /* TabBar.swift in Sources */,
				CE582FCA2AD239B2007D4485 /* TelaSair.swift in Sources */,
				CEF510952AD21FE7000C6010 /* TelaPerfil.swift in Sources */,
				CE9F17332AE4B34100D6894E /* ApagarConta.swift in Sources */,
				CEF510932AD216BC000C6010 /* TelaHome.swift in Sources */,
				CE38E3C52AC8B0E700CB1C70 /* InteracaoEntreTelas.swift in Sources */,
			);
			runOnlyForDeploymentPostprocessing = 0;
		};
/* End PBXSourcesBuildPhase section */

/* Begin XCBuildConfiguration section */
		CE36ECBE2ABA6C2D00160C98 /* Debug */ = {
			isa = XCBuildConfiguration;
			buildSettings = {
				ALWAYS_SEARCH_USER_PATHS = NO;
				CLANG_ANALYZER_NONNULL = YES;
				CLANG_ANALYZER_NUMBER_OBJECT_CONVERSION = YES_AGGRESSIVE;
				CLANG_CXX_LANGUAGE_STANDARD = "gnu++20";
				CLANG_ENABLE_MODULES = YES;
				CLANG_ENABLE_OBJC_ARC = YES;
				CLANG_ENABLE_OBJC_WEAK = YES;
				CLANG_WARN_BLOCK_CAPTURE_AUTORELEASING = YES;
				CLANG_WARN_BOOL_CONVERSION = YES;
				CLANG_WARN_COMMA = YES;
				CLANG_WARN_CONSTANT_CONVERSION = YES;
				CLANG_WARN_DEPRECATED_OBJC_IMPLEMENTATIONS = YES;
				CLANG_WARN_DIRECT_OBJC_ISA_USAGE = YES_ERROR;
				CLANG_WARN_DOCUMENTATION_COMMENTS = YES;
				CLANG_WARN_EMPTY_BODY = YES;
				CLANG_WARN_ENUM_CONVERSION = YES;
				CLANG_WARN_INFINITE_RECURSION = YES;
				CLANG_WARN_INT_CONVERSION = YES;
				CLANG_WARN_NON_LITERAL_NULL_CONVERSION = YES;
				CLANG_WARN_OBJC_IMPLICIT_RETAIN_SELF = YES;
				CLANG_WARN_OBJC_LITERAL_CONVERSION = YES;
				CLANG_WARN_OBJC_ROOT_CLASS = YES_ERROR;
				CLANG_WARN_QUOTED_INCLUDE_IN_FRAMEWORK_HEADER = YES;
				CLANG_WARN_RANGE_LOOP_ANALYSIS = YES;
				CLANG_WARN_STRICT_PROTOTYPES = YES;
				CLANG_WARN_SUSPICIOUS_MOVE = YES;
				CLANG_WARN_UNGUARDED_AVAILABILITY = YES_AGGRESSIVE;
				CLANG_WARN_UNREACHABLE_CODE = YES;
				CLANG_WARN__DUPLICATE_METHOD_MATCH = YES;
				COPY_PHASE_STRIP = NO;
				DEBUG_INFORMATION_FORMAT = dwarf;
				ENABLE_STRICT_OBJC_MSGSEND = YES;
				ENABLE_TESTABILITY = YES;
				GCC_C_LANGUAGE_STANDARD = gnu11;
				GCC_DYNAMIC_NO_PIC = NO;
				GCC_NO_COMMON_BLOCKS = YES;
				GCC_OPTIMIZATION_LEVEL = 0;
				GCC_PREPROCESSOR_DEFINITIONS = (
					"DEBUG=1",
					"$(inherited)",
				);
				GCC_WARN_64_TO_32_BIT_CONVERSION = YES;
				GCC_WARN_ABOUT_RETURN_TYPE = YES_ERROR;
				GCC_WARN_UNDECLARED_SELECTOR = YES;
				GCC_WARN_UNINITIALIZED_AUTOS = YES_AGGRESSIVE;
				GCC_WARN_UNUSED_FUNCTION = YES;
				GCC_WARN_UNUSED_VARIABLE = YES;
				IPHONEOS_DEPLOYMENT_TARGET = 16.4;
				MTL_ENABLE_DEBUG_INFO = INCLUDE_SOURCE;
				MTL_FAST_MATH = YES;
				ONLY_ACTIVE_ARCH = YES;
				SDKROOT = iphoneos;
				SWIFT_ACTIVE_COMPILATION_CONDITIONS = DEBUG;
				SWIFT_OPTIMIZATION_LEVEL = "-Onone";
			};
			name = Debug;
		};
		CE36ECBF2ABA6C2D00160C98 /* Release */ = {
			isa = XCBuildConfiguration;
			buildSettings = {
				ALWAYS_SEARCH_USER_PATHS = NO;
				CLANG_ANALYZER_NONNULL = YES;
				CLANG_ANALYZER_NUMBER_OBJECT_CONVERSION = YES_AGGRESSIVE;
				CLANG_CXX_LANGUAGE_STANDARD = "gnu++20";
				CLANG_ENABLE_MODULES = YES;
				CLANG_ENABLE_OBJC_ARC = YES;
				CLANG_ENABLE_OBJC_WEAK = YES;
				CLANG_WARN_BLOCK_CAPTURE_AUTORELEASING = YES;
				CLANG_WARN_BOOL_CONVERSION = YES;
				CLANG_WARN_COMMA = YES;
				CLANG_WARN_CONSTANT_CONVERSION = YES;
				CLANG_WARN_DEPRECATED_OBJC_IMPLEMENTATIONS = YES;
				CLANG_WARN_DIRECT_OBJC_ISA_USAGE = YES_ERROR;
				CLANG_WARN_DOCUMENTATION_COMMENTS = YES;
				CLANG_WARN_EMPTY_BODY = YES;
				CLANG_WARN_ENUM_CONVERSION = YES;
				CLANG_WARN_INFINITE_RECURSION = YES;
				CLANG_WARN_INT_CONVERSION = YES;
				CLANG_WARN_NON_LITERAL_NULL_CONVERSION = YES;
				CLANG_WARN_OBJC_IMPLICIT_RETAIN_SELF = YES;
				CLANG_WARN_OBJC_LITERAL_CONVERSION = YES;
				CLANG_WARN_OBJC_ROOT_CLASS = YES_ERROR;
				CLANG_WARN_QUOTED_INCLUDE_IN_FRAMEWORK_HEADER = YES;
				CLANG_WARN_RANGE_LOOP_ANALYSIS = YES;
				CLANG_WARN_STRICT_PROTOTYPES = YES;
				CLANG_WARN_SUSPICIOUS_MOVE = YES;
				CLANG_WARN_UNGUARDED_AVAILABILITY = YES_AGGRESSIVE;
				CLANG_WARN_UNREACHABLE_CODE = YES;
				CLANG_WARN__DUPLICATE_METHOD_MATCH = YES;
				COPY_PHASE_STRIP = NO;
				DEBUG_INFORMATION_FORMAT = "dwarf-with-dsym";
				ENABLE_NS_ASSERTIONS = NO;
				ENABLE_STRICT_OBJC_MSGSEND = YES;
				GCC_C_LANGUAGE_STANDARD = gnu11;
				GCC_NO_COMMON_BLOCKS = YES;
				GCC_WARN_64_TO_32_BIT_CONVERSION = YES;
				GCC_WARN_ABOUT_RETURN_TYPE = YES_ERROR;
				GCC_WARN_UNDECLARED_SELECTOR = YES;
				GCC_WARN_UNINITIALIZED_AUTOS = YES_AGGRESSIVE;
				GCC_WARN_UNUSED_FUNCTION = YES;
				GCC_WARN_UNUSED_VARIABLE = YES;
				IPHONEOS_DEPLOYMENT_TARGET = 16.4;
				MTL_ENABLE_DEBUG_INFO = NO;
				MTL_FAST_MATH = YES;
				SDKROOT = iphoneos;
				SWIFT_COMPILATION_MODE = wholemodule;
				SWIFT_OPTIMIZATION_LEVEL = "-O";
				VALIDATE_PRODUCT = YES;
			};
			name = Release;
		};
		CE36ECC12ABA6C2D00160C98 /* Debug */ = {
			isa = XCBuildConfiguration;
			buildSettings = {
				ASSETCATALOG_COMPILER_APPICON_NAME = AppIcon;
				ASSETCATALOG_COMPILER_GLOBAL_ACCENT_COLOR_NAME = AccentColor;
				CODE_SIGN_STYLE = Automatic;
				CURRENT_PROJECT_VERSION = 1;
				DEVELOPMENT_ASSET_PATHS = "\"AppPrecoFacil/Preview Content\"";
				ENABLE_PREVIEWS = YES;
				GENERATE_INFOPLIST_FILE = YES;
				INFOPLIST_KEY_UIApplicationSceneManifest_Generation = YES;
				INFOPLIST_KEY_UIApplicationSupportsIndirectInputEvents = YES;
				INFOPLIST_KEY_UILaunchScreen_Generation = YES;
				INFOPLIST_KEY_UISupportedInterfaceOrientations_iPad = "UIInterfaceOrientationPortrait UIInterfaceOrientationPortraitUpsideDown UIInterfaceOrientationLandscapeLeft UIInterfaceOrientationLandscapeRight";
				INFOPLIST_KEY_UISupportedInterfaceOrientations_iPhone = "UIInterfaceOrientationPortrait UIInterfaceOrientationLandscapeLeft UIInterfaceOrientationLandscapeRight";
				LD_RUNPATH_SEARCH_PATHS = (
					"$(inherited)",
					"@executable_path/Frameworks",
				);
				MARKETING_VERSION = 1.0;
				PRODUCT_BUNDLE_IDENTIFIER = br.com.precofacil.AppPrecoFacil;
				PRODUCT_NAME = "$(TARGET_NAME)";
				SWIFT_EMIT_LOC_STRINGS = YES;
				SWIFT_VERSION = 5.0;
				TARGETED_DEVICE_FAMILY = "1,2";
			};
			name = Debug;
		};
		CE36ECC22ABA6C2D00160C98 /* Release */ = {
			isa = XCBuildConfiguration;
			buildSettings = {
				ASSETCATALOG_COMPILER_APPICON_NAME = AppIcon;
				ASSETCATALOG_COMPILER_GLOBAL_ACCENT_COLOR_NAME = AccentColor;
				CODE_SIGN_STYLE = Automatic;
				CURRENT_PROJECT_VERSION = 1;
				DEVELOPMENT_ASSET_PATHS = "\"AppPrecoFacil/Preview Content\"";
				ENABLE_PREVIEWS = YES;
				GENERATE_INFOPLIST_FILE = YES;
				INFOPLIST_KEY_UIApplicationSceneManifest_Generation = YES;
				INFOPLIST_KEY_UIApplicationSupportsIndirectInputEvents = YES;
				INFOPLIST_KEY_UILaunchScreen_Generation = YES;
				INFOPLIST_KEY_UISupportedInterfaceOrientations_iPad = "UIInterfaceOrientationPortrait UIInterfaceOrientationPortraitUpsideDown UIInterfaceOrientationLandscapeLeft UIInterfaceOrientationLandscapeRight";
				INFOPLIST_KEY_UISupportedInterfaceOrientations_iPhone = "UIInterfaceOrientationPortrait UIInterfaceOrientationLandscapeLeft UIInterfaceOrientationLandscapeRight";
				LD_RUNPATH_SEARCH_PATHS = (
					"$(inherited)",
					"@executable_path/Frameworks",
				);
				MARKETING_VERSION = 1.0;
				PRODUCT_BUNDLE_IDENTIFIER = br.com.precofacil.AppPrecoFacil;
				PRODUCT_NAME = "$(TARGET_NAME)";
				SWIFT_EMIT_LOC_STRINGS = YES;
				SWIFT_VERSION = 5.0;
				TARGETED_DEVICE_FAMILY = "1,2";
			};
			name = Release;
		};
/* End XCBuildConfiguration section */

/* Begin XCConfigurationList section */
		CE36ECAD2ABA6C2C00160C98 /* Build configuration list for PBXProject "AppPrecoFacil" */ = {
			isa = XCConfigurationList;
			buildConfigurations = (
				CE36ECBE2ABA6C2D00160C98 /* Debug */,
				CE36ECBF2ABA6C2D00160C98 /* Release */,
			);
			defaultConfigurationIsVisible = 0;
			defaultConfigurationName = Release;
		};
		CE36ECC02ABA6C2D00160C98 /* Build configuration list for PBXNativeTarget "AppPrecoFacil" */ = {
			isa = XCConfigurationList;
			buildConfigurations = (
				CE36ECC12ABA6C2D00160C98 /* Debug */,
				CE36ECC22ABA6C2D00160C98 /* Release */,
			);
			defaultConfigurationIsVisible = 0;
			defaultConfigurationName = Release;
		};
/* End XCConfigurationList section */
	};
	rootObject = CE36ECAA2ABA6C2C00160C98 /* Project object */;
}
